
Microsoft Visual Studio Solution File, Format Version 12.00
# Visual Studio Version 17
VisualStudioVersion = 17.14.36109.1 d17.14
MinimumVisualStudioVersion = 10.0.40219.1
Project("{FAE04EC0-301F-11D3-BF4B-00C04F79EFBC}") = "webAPI", "webAPI\webAPI.csproj", "{38C6A910-10AC-4FEB-BF0B-84C59375054F}"
EndProject
Global
	GlobalSection(SolutionConfigurationPlatforms) = preSolution
		Debug|Any CPU = Debug|Any CPU
		Release|Any CPU = Release|Any CPU
	EndGlobalSection
	GlobalSection(ProjectConfigurationPlatforms) = postSolution
		{38C6A910-10AC-4FEB-BF0B-84C59375054F}.Debug|Any CPU.ActiveCfg = Debug|Any CPU
		{38C6A910-10AC-4FEB-BF0B-84C59375054F}.Debug|Any CPU.Build.0 = Debug|Any CPU
		{38C6A910-10AC-4FEB-BF0B-84C59375054F}.Release|Any CPU.ActiveCfg = Release|Any CPU
		{38C6A910-10AC-4FEB-BF0B-84C59375054F}.Release|Any CPU.Build.0 = Release|Any CPU
	EndGlobalSection
	GlobalSection(SolutionProperties) = preSolution
		HideSolutionNode = FALSE
	EndGlobalSection
	GlobalSection(ExtensibilityGlobals) = postSolution
		SolutionGuid = {54F90ABE-E1AC-46B2-8F48-34FB855B74B7}
	EndGlobalSection
EndGlobal
